
Microsoft Visual Studio Solution File, Format Version 12.00
# Visual Studio Version 16
VisualStudioVersion = 16.0.29123.88
MinimumVisualStudioVersion = 10.0.40219.1
Project("{8BC9CEB8-8B4A-11D0-8D11-00A0C91BC942}") = "K4aCamera", "K4aCamera.vcxproj", "{4D01D603-380E-4934-9B03-2A04C2CB4238}"
EndProject
Project("{8BC9CEB8-8B4A-11D0-8D11-00A0C91BC942}") = "K4aCameraExamples", "..\K4aCameraExamples\K4aCameraExamples.vcxproj", "{ADA47A21-E1B1-4A01-B5F8-43CE30CD543D}"
EndProject
Project("{8BC9CEB8-8B4A-11D0-8D11-00A0C91BC942}") = "K4aCameraTest", "..\K4aCameraTest\K4aCameraTest.vcxproj", "{4E8787B3-6723-47F4-994E-C450F5002144}"
EndProject
Project("{8BC9CEB8-8B4A-11D0-8D11-00A0C91BC942}") = "K4aCameraTools", "..\K4aCameraTools\K4aCameraTools.vcxproj", "{BF326F62-AF5D-44CB-A0C1-E8EB90643E17}"
EndProject
Global
	GlobalSection(SolutionConfigurationPlatforms) = preSolution
		CMake-Debug|x64 = CMake-Debug|x64
		CMake-Debug|x86 = CMake-Debug|x86
		Debug|x64 = Debug|x64
		Debug|x86 = Debug|x86
		Release|x64 = Release|x64
		Release|x86 = Release|x86
	EndGlobalSection
	GlobalSection(ProjectConfigurationPlatforms) = postSolution
		{4D01D603-380E-4934-9B03-2A04C2CB4238}.CMake-Debug|x64.ActiveCfg = CMake-Debug|x64
		{4D01D603-380E-4934-9B03-2A04C2CB4238}.CMake-Debug|x64.Build.0 = CMake-Debug|x64
		{4D01D603-380E-4934-9B03-2A04C2CB4238}.CMake-Debug|x86.ActiveCfg = CMake-Debug|Win32
		{4D01D603-380E-4934-9B03-2A04C2CB4238}.CMake-Debug|x86.Build.0 = CMake-Debug|Win32
		{4D01D603-380E-4934-9B03-2A04C2CB4238}.Debug|x64.ActiveCfg = Debug|x64
		{4D01D603-380E-4934-9B03-2A04C2CB4238}.Debug|x64.Build.0 = Debug|x64
		{4D01D603-380E-4934-9B03-2A04C2CB4238}.Debug|x86.ActiveCfg = Debug|Win32
		{4D01D603-380E-4934-9B03-2A04C2CB4238}.Debug|x86.Build.0 = Debug|Win32
		{4D01D603-380E-4934-9B03-2A04C2CB4238}.Release|x64.ActiveCfg = Release|x64
		{4D01D603-380E-4934-9B03-2A04C2CB4238}.Release|x64.Build.0 = Release|x64
		{4D01D603-380E-4934-9B03-2A04C2CB4238}.Release|x86.ActiveCfg = Release|Win32
		{4D01D603-380E-4934-9B03-2A04C2CB4238}.Release|x86.Build.0 = Release|Win32
		{ADA47A21-E1B1-4A01-B5F8-43CE30CD543D}.CMake-Debug|x64.ActiveCfg = CMake-Debug|x64
		{ADA47A21-E1B1-4A01-B5F8-43CE30CD543D}.CMake-Debug|x64.Build.0 = CMake-Debug|x64
		{ADA47A21-E1B1-4A01-B5F8-43CE30CD543D}.CMake-Debug|x86.ActiveCfg = CMake-Debug|Win32
		{ADA47A21-E1B1-4A01-B5F8-43CE30CD543D}.CMake-Debug|x86.Build.0 = CMake-Debug|Win32
		{ADA47A21-E1B1-4A01-B5F8-43CE30CD543D}.Debug|x64.ActiveCfg = Debug|x64
		{ADA47A21-E1B1-4A01-B5F8-43CE30CD543D}.Debug|x64.Build.0 = Debug|x64
		{ADA47A21-E1B1-4A01-B5F8-43CE30CD543D}.Debug|x86.ActiveCfg = Debug|Win32
		{ADA47A21-E1B1-4A01-B5F8-43CE30CD543D}.Debug|x86.Build.0 = Debug|Win32
		{ADA47A21-E1B1-4A01-B5F8-43CE30CD543D}.Release|x64.ActiveCfg = Release|x64
		{ADA47A21-E1B1-4A01-B5F8-43CE30CD543D}.Release|x64.Build.0 = Release|x64
		{ADA47A21-E1B1-4A01-B5F8-43CE30CD543D}.Release|x86.ActiveCfg = Release|Win32
		{ADA47A21-E1B1-4A01-B5F8-43CE30CD543D}.Release|x86.Build.0 = Release|Win32
		{4E8787B3-6723-47F4-994E-C450F5002144}.CMake-Debug|x64.ActiveCfg = CMake-Debug|x64
		{4E8787B3-6723-47F4-994E-C450F5002144}.CMake-Debug|x64.Build.0 = CMake-Debug|x64
		{4E8787B3-6723-47F4-994E-C450F5002144}.CMake-Debug|x86.ActiveCfg = CMake-Debug|Win32
		{4E8787B3-6723-47F4-994E-C450F5002144}.CMake-Debug|x86.Build.0 = CMake-Debug|Win32
		{4E8787B3-6723-47F4-994E-C450F5002144}.Debug|x64.ActiveCfg = Debug|x64
		{4E8787B3-6723-47F4-994E-C450F5002144}.Debug|x64.Build.0 = Debug|x64
		{4E8787B3-6723-47F4-994E-C450F5002144}.Debug|x86.ActiveCfg = Debug|Win32
		{4E8787B3-6723-47F4-994E-C450F5002144}.Debug|x86.Build.0 = Debug|Win32
		{4E8787B3-6723-47F4-994E-C450F5002144}.Release|x64.ActiveCfg = Release|x64
		{4E8787B3-6723-47F4-994E-C450F5002144}.Release|x64.Build.0 = Release|x64
		{4E8787B3-6723-47F4-994E-C450F5002144}.Release|x86.ActiveCfg = Release|Win32
		{4E8787B3-6723-47F4-994E-C450F5002144}.Release|x86.Build.0 = Release|Win32
		{BF326F62-AF5D-44CB-A0C1-E8EB90643E17}.CMake-Debug|x64.ActiveCfg = CMake-Debug|x64
		{BF326F62-AF5D-44CB-A0C1-E8EB90643E17}.CMake-Debug|x64.Build.0 = CMake-Debug|x64
		{BF326F62-AF5D-44CB-A0C1-E8EB90643E17}.CMake-Debug|x86.ActiveCfg = CMake-Debug|Win32
		{BF326F62-AF5D-44CB-A0C1-E8EB90643E17}.CMake-Debug|x86.Build.0 = CMake-Debug|Win32
		{BF326F62-AF5D-44CB-A0C1-E8EB90643E17}.Debug|x64.ActiveCfg = Debug|x64
		{BF326F62-AF5D-44CB-A0C1-E8EB90643E17}.Debug|x64.Build.0 = Debug|x64
		{BF326F62-AF5D-44CB-A0C1-E8EB90643E17}.Debug|x86.ActiveCfg = Debug|Win32
		{BF326F62-AF5D-44CB-A0C1-E8EB90643E17}.Debug|x86.Build.0 = Debug|Win32
		{BF326F62-AF5D-44CB-A0C1-E8EB90643E17}.Release|x64.ActiveCfg = Release|x64
		{BF326F62-AF5D-44CB-A0C1-E8EB90643E17}.Release|x64.Build.0 = Release|x64
		{BF326F62-AF5D-44CB-A0C1-E8EB90643E17}.Release|x86.ActiveCfg = Release|Win32
		{BF326F62-AF5D-44CB-A0C1-E8EB90643E17}.Release|x86.Build.0 = Release|Win32
	EndGlobalSection
	GlobalSection(SolutionProperties) = preSolution
		HideSolutionNode = FALSE
	EndGlobalSection
	GlobalSection(ExtensibilityGlobals) = postSolution
		SolutionGuid = {AE4C6021-DFA2-405A-98B1-02B74CE25D3C}
	EndGlobalSection
EndGlobal
